
Microsoft Visual Studio Solution File, Format Version 12.00
# Visual Studio Version 17
VisualStudioVersion = 17.0.31903.59
MinimumVisualStudioVersion = 10.0.40219.1
Project("{9A19103F-16F7-4668-BE54-9A1E7A4F7556}") = "GlobalBlue.Api", "GlobalBlue.Api\GlobalBlue.Api.csproj", "{3FEDF754-8A42-46C4-ABD5-954E05F14E71}"
EndProject
Project("{9A19103F-16F7-4668-BE54-9A1E7A4F7556}") = "GlobalBlue.Infrastructure", "GlobalBlue.Infrastructure\GlobalBlue.Infrastructure.csproj", "{352DF5E6-72A2-4291-8107-6EAA7D53F109}"
EndProject
Project("{9A19103F-16F7-4668-BE54-9A1E7A4F7556}") = "GlobalBlue.Dtos", "GlobalBlue.Dtos\GlobalBlue.Dtos.csproj", "{5BB13304-7CB8-45DB-9680-824317E4E78C}"
EndProject
Project("{E53339B2-1760-4266-BCC7-CA923CBCF16C}") = "docker-compose", "docker-compose.dcproj", "{AC326701-6A9D-474B-AEF6-009C65E08CFF}"
EndProject
Project("{FAE04EC0-301F-11D3-BF4B-00C04F79EFBC}") = "GlobalBlue.Api.Tests", "GlobalBlue.Api.Tests\GlobalBlue.Api.Tests.csproj", "{8C81021E-4FD2-4BD5-A754-C5807BA6281A}"
EndProject
Project("{FAE04EC0-301F-11D3-BF4B-00C04F79EFBC}") = "GlobaBlue.Infrastructure.Tests", "GlobaBlue.Infrastructure.Tests\GlobaBlue.Infrastructure.Tests.csproj", "{67F3057C-5C63-4A14-8995-222EC430D418}"
EndProject
Global
	GlobalSection(SolutionConfigurationPlatforms) = preSolution
		Debug|Any CPU = Debug|Any CPU
		Release|Any CPU = Release|Any CPU
	EndGlobalSection
	GlobalSection(ProjectConfigurationPlatforms) = postSolution
		{3FEDF754-8A42-46C4-ABD5-954E05F14E71}.Debug|Any CPU.ActiveCfg = Debug|Any CPU
		{3FEDF754-8A42-46C4-ABD5-954E05F14E71}.Debug|Any CPU.Build.0 = Debug|Any CPU
		{3FEDF754-8A42-46C4-ABD5-954E05F14E71}.Release|Any CPU.ActiveCfg = Release|Any CPU
		{3FEDF754-8A42-46C4-ABD5-954E05F14E71}.Release|Any CPU.Build.0 = Release|Any CPU
		{352DF5E6-72A2-4291-8107-6EAA7D53F109}.Debug|Any CPU.ActiveCfg = Debug|Any CPU
		{352DF5E6-72A2-4291-8107-6EAA7D53F109}.Debug|Any CPU.Build.0 = Debug|Any CPU
		{352DF5E6-72A2-4291-8107-6EAA7D53F109}.Release|Any CPU.ActiveCfg = Release|Any CPU
		{352DF5E6-72A2-4291-8107-6EAA7D53F109}.Release|Any CPU.Build.0 = Release|Any CPU
		{5BB13304-7CB8-45DB-9680-824317E4E78C}.Debug|Any CPU.ActiveCfg = Debug|Any CPU
		{5BB13304-7CB8-45DB-9680-824317E4E78C}.Debug|Any CPU.Build.0 = Debug|Any CPU
		{5BB13304-7CB8-45DB-9680-824317E4E78C}.Release|Any CPU.ActiveCfg = Release|Any CPU
		{5BB13304-7CB8-45DB-9680-824317E4E78C}.Release|Any CPU.Build.0 = Release|Any CPU
		{AC326701-6A9D-474B-AEF6-009C65E08CFF}.Debug|Any CPU.ActiveCfg = Debug|Any CPU
		{AC326701-6A9D-474B-AEF6-009C65E08CFF}.Debug|Any CPU.Build.0 = Debug|Any CPU
		{AC326701-6A9D-474B-AEF6-009C65E08CFF}.Release|Any CPU.ActiveCfg = Release|Any CPU
		{AC326701-6A9D-474B-AEF6-009C65E08CFF}.Release|Any CPU.Build.0 = Release|Any CPU
		{8C81021E-4FD2-4BD5-A754-C5807BA6281A}.Debug|Any CPU.ActiveCfg = Debug|Any CPU
		{8C81021E-4FD2-4BD5-A754-C5807BA6281A}.Debug|Any CPU.Build.0 = Debug|Any CPU
		{8C81021E-4FD2-4BD5-A754-C5807BA6281A}.Release|Any CPU.ActiveCfg = Release|Any CPU
		{8C81021E-4FD2-4BD5-A754-C5807BA6281A}.Release|Any CPU.Build.0 = Release|Any CPU
		{67F3057C-5C63-4A14-8995-222EC430D418}.Debug|Any CPU.ActiveCfg = Debug|Any CPU
		{67F3057C-5C63-4A14-8995-222EC430D418}.Debug|Any CPU.Build.0 = Debug|Any CPU
		{67F3057C-5C63-4A14-8995-222EC430D418}.Release|Any CPU.ActiveCfg = Release|Any CPU
		{67F3057C-5C63-4A14-8995-222EC430D418}.Release|Any CPU.Build.0 = Release|Any CPU
	EndGlobalSection
	GlobalSection(SolutionProperties) = preSolution
		HideSolutionNode = FALSE
	EndGlobalSection
	GlobalSection(ExtensibilityGlobals) = postSolution
		SolutionGuid = {DBD90B63-C65E-4F7B-B7B2-5F73E1835DBB}
	EndGlobalSection
EndGlobal
